{
  "version": 4,
  "terraform_version": "1.4.2",
  "serial": 39,
  "lineage": "1cd1521e-0647-019c-a466-45d210aa62e6",
  "outputs": {
    "private_ip": {
      "value": "10.1.2.123",
      "type": "string"
    }
  },
  "resources": [
    {
      "mode": "data",
      "type": "aws_iam_policy",
      "name": "awsS3Fullaccess",
      "provider": "provider[\"registry.terraform.io/hashicorp/aws\"]",
      "instances": [
        {
          "schema_version": 0,
          "attributes": {
            "arn": "arn:aws:iam::aws:policy/AmazonS3FullAccess",
            "attachment_count": 2,
            "description": "Provides full access to all buckets via the AWS Management Console.",
            "id": "arn:aws:iam::aws:policy/AmazonS3FullAccess",
            "name": "AmazonS3FullAccess",
            "path": "/",
            "path_prefix": null,
            "policy": "{\n  \"Version\": \"2012-10-17\",\n  \"Statement\": [\n    {\n      \"Effect\": \"Allow\",\n      \"Action\": [\"s3:*\", \"s3-object-lambda:*\"],\n      \"Resource\": \"*\"\n    }\n  ]\n}",
            "policy_id": "ANPAIFIR6V6BVTRAHWINE",
            "tags": {}
          },
          "sensitive_attributes": []
        }
      ]
    },
    {
      "mode": "managed",
      "type": "aws_iam_instance_profile",
      "name": "ec2_instance_profile",
      "provider": "provider[\"registry.terraform.io/hashicorp/aws\"]",
      "instances": [
        {
          "schema_version": 0,
          "attributes": {
            "arn": "arn:aws:iam::533267120422:instance-profile/demo",
            "create_date": "2024-11-28T18:19:11Z",
            "id": "demo",
            "name": "demo",
            "name_prefix": "",
            "path": "/",
            "role": "my-s3-role",
            "tags": {},
            "tags_all": {},
            "unique_id": "AIPAXYKJSQETLTQ2ZSCWK"
          },
          "sensitive_attributes": [],
          "private": "bnVsbA==",
          "dependencies": [
            "aws_iam_role.my-s3-role"
          ]
        }
      ]
    },
    {
      "mode": "managed",
      "type": "aws_iam_role",
      "name": "my-s3-role",
      "provider": "provider[\"registry.terraform.io/hashicorp/aws\"]",
      "instances": [
        {
          "schema_version": 0,
          "attributes": {
            "arn": "arn:aws:iam::533267120422:role/my-s3-role",
            "assume_role_policy": "{\"Statement\":[{\"Action\":[\"sts:AssumeRole\"],\"Effect\":\"Allow\",\"Principal\":{\"Service\":[\"ec2.amazonaws.com\"]}}],\"Version\":\"2012-10-17\"}",
            "create_date": "2024-11-28T17:48:56Z",
            "description": "",
            "force_detach_policies": false,
            "id": "my-s3-role",
            "inline_policy": [],
            "managed_policy_arns": [
              "arn:aws:iam::aws:policy/AmazonS3FullAccess"
            ],
            "max_session_duration": 3600,
            "name": "my-s3-role",
            "name_prefix": "",
            "path": "/",
            "permissions_boundary": "",
            "tags": {},
            "tags_all": {},
            "unique_id": "AROAXYKJSQETFBP2YDH46"
          },
          "sensitive_attributes": [],
          "private": "bnVsbA=="
        }
      ]
    },
    {
      "mode": "managed",
      "type": "aws_iam_role_policy_attachment",
      "name": "s3",
      "provider": "provider[\"registry.terraform.io/hashicorp/aws\"]",
      "instances": [
        {
          "schema_version": 0,
          "attributes": {
            "id": "my-s3-role-20241128175019011200000001",
            "policy_arn": "arn:aws:iam::aws:policy/AmazonS3FullAccess",
            "role": "my-s3-role"
          },
          "sensitive_attributes": [],
          "private": "bnVsbA==",
          "dependencies": [
            "aws_iam_role.my-s3-role",
            "data.aws_iam_policy.awsS3Fullaccess"
          ]
        }
      ]
    },
    {
      "mode": "managed",
      "type": "aws_instance",
      "name": "private",
      "provider": "provider[\"registry.terraform.io/hashicorp/aws\"]",
      "instances": [
        {
          "schema_version": 1,
          "attributes": {
            "ami": "ami-0453ec754f44f9a4a",
            "arn": "arn:aws:ec2:us-east-1:533267120422:instance/i-0791ff6b03bfdc623",
            "associate_public_ip_address": false,
            "availability_zone": "us-east-1b",
            "capacity_reservation_specification": [
              {
                "capacity_reservation_preference": "open",
                "capacity_reservation_target": []
              }
            ],
            "cpu_core_count": 1,
            "cpu_options": [
              {
                "amd_sev_snp": "",
                "core_count": 1,
                "threads_per_core": 1
              }
            ],
            "cpu_threads_per_core": 1,
            "credit_specification": [
              {
                "cpu_credits": "standard"
              }
            ],
            "disable_api_stop": false,
            "disable_api_termination": false,
            "ebs_block_device": [],
            "ebs_optimized": false,
            "enclave_options": [
              {
                "enabled": false
              }
            ],
            "ephemeral_block_device": [],
            "get_password_data": false,
            "hibernation": false,
            "host_id": "",
            "host_resource_group_arn": null,
            "iam_instance_profile": "demo",
            "id": "i-0791ff6b03bfdc623",
            "instance_initiated_shutdown_behavior": "stop",
            "instance_lifecycle": "",
            "instance_market_options": [],
            "instance_state": "running",
            "instance_type": "t2.micro",
            "ipv6_address_count": 0,
            "ipv6_addresses": [],
            "key_name": "mykey",
            "launch_template": [],
            "maintenance_options": [
              {
                "auto_recovery": "default"
              }
            ],
            "metadata_options": [
              {
                "http_endpoint": "enabled",
                "http_protocol_ipv6": "disabled",
                "http_put_response_hop_limit": 2,
                "http_tokens": "required",
                "instance_metadata_tags": "enabled"
              }
            ],
            "monitoring": false,
            "network_interface": [],
            "outpost_arn": "",
            "password_data": "",
            "placement_group": "",
            "placement_partition_number": 0,
            "primary_network_interface_id": "eni-0ff54ed09afb13e0a",
            "private_dns": "ip-10-1-2-123.ec2.internal",
            "private_dns_name_options": [
              {
                "enable_resource_name_dns_a_record": false,
                "enable_resource_name_dns_aaaa_record": false,
                "hostname_type": "ip-name"
              }
            ],
            "private_ip": "10.1.2.123",
            "public_dns": "",
            "public_ip": "",
            "root_block_device": [
              {
                "delete_on_termination": true,
                "device_name": "/dev/xvda",
                "encrypted": false,
                "iops": 3000,
                "kms_key_id": "",
                "tags": {},
                "tags_all": {},
                "throughput": 125,
                "volume_id": "vol-0de8f18a56f83b22d",
                "volume_size": 8,
                "volume_type": "gp3"
              }
            ],
            "secondary_private_ips": [],
            "security_groups": [
              "sg-0832e93c79d7dd7f5"
            ],
            "source_dest_check": true,
            "spot_instance_request_id": "",
            "subnet_id": "subnet-088be34d490288ea4",
            "tags": {
              "Name": "my-private-vm"
            },
            "tags_all": {
              "Name": "my-private-vm"
            },
            "tenancy": "default",
            "timeouts": null,
            "user_data": null,
            "user_data_base64": null,
            "user_data_replace_on_change": false,
            "volume_tags": null,
            "vpc_security_group_ids": [
              "sg-0832e93c79d7dd7f5"
            ]
          },
          "sensitive_attributes": [],
          "private": "eyJlMmJmYjczMC1lY2FhLTExZTYtOGY4OC0zNDM2M2JjN2M0YzAiOnsiY3JlYXRlIjo2MDAwMDAwMDAwMDAsImRlbGV0ZSI6MTIwMDAwMDAwMDAwMCwicmVhZCI6OTAwMDAwMDAwMDAwLCJ1cGRhdGUiOjYwMDAwMDAwMDAwMH0sInNjaGVtYV92ZXJzaW9uIjoiMSJ9",
          "dependencies": [
            "aws_iam_instance_profile.ec2_instance_profile",
            "aws_key_pair.key-pair",
            "aws_security_group.my-sg",
            "aws_subnet.private"
          ]
        }
      ]
    },
    {
      "mode": "managed",
      "type": "aws_instance",
      "name": "public",
      "provider": "provider[\"registry.terraform.io/hashicorp/aws\"]",
      "instances": [
        {
          "status": "tainted",
          "schema_version": 1,
          "attributes": {
            "ami": "ami-0453ec754f44f9a4a",
            "arn": "arn:aws:ec2:us-east-1:533267120422:instance/i-000c4fcc311a3d156",
            "associate_public_ip_address": false,
            "availability_zone": "us-east-1b",
            "capacity_reservation_specification": [
              {
                "capacity_reservation_preference": "open",
                "capacity_reservation_target": []
              }
            ],
            "cpu_core_count": 1,
            "cpu_options": [
              {
                "amd_sev_snp": "",
                "core_count": 1,
                "threads_per_core": 1
              }
            ],
            "cpu_threads_per_core": 1,
            "credit_specification": [
              {
                "cpu_credits": "standard"
              }
            ],
            "disable_api_stop": false,
            "disable_api_termination": false,
            "ebs_block_device": [],
            "ebs_optimized": false,
            "enclave_options": [
              {
                "enabled": false
              }
            ],
            "ephemeral_block_device": [],
            "get_password_data": false,
            "hibernation": false,
            "host_id": "",
            "host_resource_group_arn": null,
            "iam_instance_profile": "",
            "id": "i-000c4fcc311a3d156",
            "instance_initiated_shutdown_behavior": "stop",
            "instance_lifecycle": "",
            "instance_market_options": [],
            "instance_state": "running",
            "instance_type": "t2.micro",
            "ipv6_address_count": 0,
            "ipv6_addresses": [],
            "key_name": "mykey",
            "launch_template": [],
            "maintenance_options": [
              {
                "auto_recovery": "default"
              }
            ],
            "metadata_options": [
              {
                "http_endpoint": "enabled",
                "http_protocol_ipv6": "disabled",
                "http_put_response_hop_limit": 2,
                "http_tokens": "required",
                "instance_metadata_tags": "enabled"
              }
            ],
            "monitoring": false,
            "network_interface": [],
            "outpost_arn": "",
            "password_data": "",
            "placement_group": "",
            "placement_partition_number": 0,
            "primary_network_interface_id": "eni-0d7929b6fbce67b50",
            "private_dns": "ip-10-1-1-183.ec2.internal",
            "private_dns_name_options": [
              {
                "enable_resource_name_dns_a_record": false,
                "enable_resource_name_dns_aaaa_record": false,
                "hostname_type": "ip-name"
              }
            ],
            "private_ip": "10.1.1.183",
            "public_dns": "",
            "public_ip": "",
            "root_block_device": [
              {
                "delete_on_termination": true,
                "device_name": "/dev/xvda",
                "encrypted": false,
                "iops": 3000,
                "kms_key_id": "",
                "tags": {},
                "tags_all": {},
                "throughput": 125,
                "volume_id": "vol-0b90c51c52a5493f8",
                "volume_size": 8,
                "volume_type": "gp3"
              }
            ],
            "secondary_private_ips": [],
            "security_groups": [
              "sg-0832e93c79d7dd7f5"
            ],
            "source_dest_check": true,
            "spot_instance_request_id": "",
            "subnet_id": "subnet-08ace166b9bbd360d",
            "tags": {
              "Name": "my-public-vm"
            },
            "tags_all": {
              "Name": "my-public-vm"
            },
            "tenancy": "default",
            "timeouts": null,
            "user_data": null,
            "user_data_base64": null,
            "user_data_replace_on_change": false,
            "volume_tags": null,
            "vpc_security_group_ids": [
              "sg-0832e93c79d7dd7f5"
            ]
          },
          "sensitive_attributes": [],
          "private": "eyJlMmJmYjczMC1lY2FhLTExZTYtOGY4OC0zNDM2M2JjN2M0YzAiOnsiY3JlYXRlIjo2MDAwMDAwMDAwMDAsImRlbGV0ZSI6MTIwMDAwMDAwMDAwMCwicmVhZCI6OTAwMDAwMDAwMDAwLCJ1cGRhdGUiOjYwMDAwMDAwMDAwMH0sInNjaGVtYV92ZXJzaW9uIjoiMSJ9",
          "dependencies": [
            "aws_key_pair.key-pair",
            "aws_security_group.my-sg",
            "aws_subnet.public",
            "tls_private_key.private-key"
          ]
        }
      ]
    },
    {
      "mode": "managed",
      "type": "aws_internet_gateway",
      "name": "my_ig",
      "provider": "provider[\"registry.terraform.io/hashicorp/aws\"]",
      "instances": [
        {
          "schema_version": 0,
          "attributes": {
            "arn": "arn:aws:ec2:us-east-1:533267120422:internet-gateway/igw-00003677a572d7fe3",
            "id": "igw-00003677a572d7fe3",
            "owner_id": "533267120422",
            "tags": {},
            "tags_all": {},
            "timeouts": null,
            "vpc_id": "vpc-09a7a1d4f346b6129"
          },
          "sensitive_attributes": [],
          "private": "eyJlMmJmYjczMC1lY2FhLTExZTYtOGY4OC0zNDM2M2JjN2M0YzAiOnsiY3JlYXRlIjoxMjAwMDAwMDAwMDAwLCJkZWxldGUiOjEyMDAwMDAwMDAwMDAsInVwZGF0ZSI6MTIwMDAwMDAwMDAwMH19",
          "dependencies": [
            "aws_vpc.myvpc"
          ]
        }
      ]
    },
    {
      "mode": "managed",
      "type": "aws_key_pair",
      "name": "key-pair",
      "provider": "provider[\"registry.terraform.io/hashicorp/aws\"]",
      "instances": [
        {
          "schema_version": 1,
          "attributes": {
            "arn": "arn:aws:ec2:us-east-1:533267120422:key-pair/mykey",
            "fingerprint": "6d:9e:d4:60:23:4d:a8:4d:55:57:ed:3c:21:bc:72:a8",
            "id": "mykey",
            "key_name": "mykey",
            "key_name_prefix": "",
            "key_pair_id": "key-07d4220f05ed977f0",
            "key_type": "rsa",
            "public_key": "ssh-rsa AAAAB3NzaC1yc2EAAAADAQABAAACAQCyLnWebHJUpgDG3tc4zR6TSDMjoSoM8E64KGeENWSJ+3aQXLo1dnx4z2nsTjxDZ+QMFjTa9nVUuPd4Qye72/QBUnwxnpl2nCYhyzNPxtzXSxqD1p6rWTsZMgqrLPkclVDB5GUJY9MwkDLqnCXrd+SD0LTXhiL5akC1BD+q46cvU3z77CK37Rpoq/EIgKDlwSxWIBualh2Qa4a4enclFDTbZJ86sq+1RMo4vsJlurxBkGQ5/HFzNTuns7K5vvseKsmdn0bXcBZDGBR6WUKn3kOMskmJqmOZxx+ZGKXRGiarfRcFENbmzwomtTq4NJUWv9f4WOXeQ2mP0Wf/hfUbYMLBNW/cqE99BEZpid9kwwHEo00Y/gWA7bEccLKfa3iKTK2KBpq8q0LB24Xt8IianSwYzC2fV/lCLxmKlVH3O03gYen9wDv8wTYGaSP+GToGgRYSVs5+217xP5kCH+ZRUtSxFCpj4SyDwisNsyHBe4BCp2qzkx/XAG9XYk2Fv9UMYU4CVBgFYgX8Y5XuE4QUnEssD5UeOkNuBzM+96G264l3kt4wRO3DQu0kgrEIrEVwlbAVzh8J6LQx6kCUNDCvgPNggcwUIC3iJOl/AbXIUF08yCLCZaO61WxvZ5R0KUHwaN9ptzy449tSwrqcYp4c4X2/11o+5XAh9OVrY7YIL41Cew==",
            "tags": {},
            "tags_all": {}
          },
          "sensitive_attributes": [],
          "private": "eyJzY2hlbWFfdmVyc2lvbiI6IjEifQ==",
          "dependencies": [
            "tls_private_key.private-key"
          ]
        }
      ]
    },
    {
      "mode": "managed",
      "type": "aws_route_table",
      "name": "rt-private",
      "provider": "provider[\"registry.terraform.io/hashicorp/aws\"]",
      "instances": [
        {
          "schema_version": 0,
          "attributes": {
            "arn": "arn:aws:ec2:us-east-1:533267120422:route-table/rtb-0a0f6527baed7cbd7",
            "id": "rtb-0a0f6527baed7cbd7",
            "owner_id": "533267120422",
            "propagating_vgws": [],
            "route": [],
            "tags": {
              "Name": "private-rt"
            },
            "tags_all": {
              "Name": "private-rt"
            },
            "timeouts": null,
            "vpc_id": "vpc-09a7a1d4f346b6129"
          },
          "sensitive_attributes": [],
          "private": "eyJlMmJmYjczMC1lY2FhLTExZTYtOGY4OC0zNDM2M2JjN2M0YzAiOnsiY3JlYXRlIjozMDAwMDAwMDAwMDAsImRlbGV0ZSI6MzAwMDAwMDAwMDAwLCJ1cGRhdGUiOjEyMDAwMDAwMDAwMH19",
          "dependencies": [
            "aws_vpc.myvpc"
          ]
        }
      ]
    },
    {
      "mode": "managed",
      "type": "aws_route_table",
      "name": "rt-public",
      "provider": "provider[\"registry.terraform.io/hashicorp/aws\"]",
      "instances": [
        {
          "schema_version": 0,
          "attributes": {
            "arn": "arn:aws:ec2:us-east-1:533267120422:route-table/rtb-03fdf41578604bc1e",
            "id": "rtb-03fdf41578604bc1e",
            "owner_id": "533267120422",
            "propagating_vgws": [],
            "route": [
              {
                "carrier_gateway_id": "",
                "cidr_block": "0.0.0.0/0",
                "core_network_arn": "",
                "destination_prefix_list_id": "",
                "egress_only_gateway_id": "",
                "gateway_id": "igw-00003677a572d7fe3",
                "ipv6_cidr_block": "",
                "local_gateway_id": "",
                "nat_gateway_id": "",
                "network_interface_id": "",
                "transit_gateway_id": "",
                "vpc_endpoint_id": "",
                "vpc_peering_connection_id": ""
              }
            ],
            "tags": {
              "Name": "public-rt"
            },
            "tags_all": {
              "Name": "public-rt"
            },
            "timeouts": null,
            "vpc_id": "vpc-09a7a1d4f346b6129"
          },
          "sensitive_attributes": [],
          "private": "eyJlMmJmYjczMC1lY2FhLTExZTYtOGY4OC0zNDM2M2JjN2M0YzAiOnsiY3JlYXRlIjozMDAwMDAwMDAwMDAsImRlbGV0ZSI6MzAwMDAwMDAwMDAwLCJ1cGRhdGUiOjEyMDAwMDAwMDAwMH19",
          "dependencies": [
            "aws_internet_gateway.my_ig",
            "aws_vpc.myvpc"
          ]
        }
      ]
    },
    {
      "mode": "managed",
      "type": "aws_route_table_association",
      "name": "private_rta",
      "provider": "provider[\"registry.terraform.io/hashicorp/aws\"]",
      "instances": [
        {
          "schema_version": 0,
          "attributes": {
            "gateway_id": "",
            "id": "rtbassoc-0b3faebe711ba0d1c",
            "route_table_id": "rtb-0a0f6527baed7cbd7",
            "subnet_id": "subnet-088be34d490288ea4",
            "timeouts": null
          },
          "sensitive_attributes": [],
          "private": "eyJlMmJmYjczMC1lY2FhLTExZTYtOGY4OC0zNDM2M2JjN2M0YzAiOnsiY3JlYXRlIjozMDAwMDAwMDAwMDAsImRlbGV0ZSI6MzAwMDAwMDAwMDAwLCJ1cGRhdGUiOjEyMDAwMDAwMDAwMH19",
          "dependencies": [
            "aws_route_table.rt-private",
            "aws_subnet.private",
            "aws_vpc.myvpc"
          ]
        }
      ]
    },
    {
      "mode": "managed",
      "type": "aws_route_table_association",
      "name": "public_rta",
      "provider": "provider[\"registry.terraform.io/hashicorp/aws\"]",
      "instances": [
        {
          "schema_version": 0,
          "attributes": {
            "gateway_id": "",
            "id": "rtbassoc-09d6aca0d2dda0aa0",
            "route_table_id": "rtb-03fdf41578604bc1e",
            "subnet_id": "subnet-08ace166b9bbd360d",
            "timeouts": null
          },
          "sensitive_attributes": [],
          "private": "eyJlMmJmYjczMC1lY2FhLTExZTYtOGY4OC0zNDM2M2JjN2M0YzAiOnsiY3JlYXRlIjozMDAwMDAwMDAwMDAsImRlbGV0ZSI6MzAwMDAwMDAwMDAwLCJ1cGRhdGUiOjEyMDAwMDAwMDAwMH19",
          "dependencies": [
            "aws_internet_gateway.my_ig",
            "aws_route_table.rt-public",
            "aws_subnet.public",
            "aws_vpc.myvpc"
          ]
        }
      ]
    },
    {
      "mode": "managed",
      "type": "aws_security_group",
      "name": "my-sg",
      "provider": "provider[\"registry.terraform.io/hashicorp/aws\"]",
      "instances": [
        {
          "schema_version": 1,
          "attributes": {
            "arn": "arn:aws:ec2:us-east-1:533267120422:security-group/sg-0832e93c79d7dd7f5",
            "description": "Managed by Terraform",
            "egress": [
              {
                "cidr_blocks": [
                  "0.0.0.0/0"
                ],
                "description": "",
                "from_port": 0,
                "ipv6_cidr_blocks": [],
                "prefix_list_ids": [],
                "protocol": "-1",
                "security_groups": [],
                "self": false,
                "to_port": 0
              }
            ],
            "id": "sg-0832e93c79d7dd7f5",
            "ingress": [
              {
                "cidr_blocks": [
                  "0.0.0.0/0"
                ],
                "description": "",
                "from_port": 0,
                "ipv6_cidr_blocks": [],
                "prefix_list_ids": [],
                "protocol": "-1",
                "security_groups": [],
                "self": false,
                "to_port": 0
              }
            ],
            "name": "my-sg",
            "name_prefix": "",
            "owner_id": "533267120422",
            "revoke_rules_on_delete": false,
            "tags": {
              "Name": "my-sg"
            },
            "tags_all": {
              "Name": "my-sg"
            },
            "timeouts": null,
            "vpc_id": "vpc-09a7a1d4f346b6129"
          },
          "sensitive_attributes": [],
          "private": "eyJlMmJmYjczMC1lY2FhLTExZTYtOGY4OC0zNDM2M2JjN2M0YzAiOnsiY3JlYXRlIjo2MDAwMDAwMDAwMDAsImRlbGV0ZSI6OTAwMDAwMDAwMDAwfSwic2NoZW1hX3ZlcnNpb24iOiIxIn0=",
          "dependencies": [
            "aws_vpc.myvpc"
          ]
        }
      ]
    },
    {
      "mode": "managed",
      "type": "aws_subnet",
      "name": "private",
      "provider": "provider[\"registry.terraform.io/hashicorp/aws\"]",
      "instances": [
        {
          "schema_version": 1,
          "attributes": {
            "arn": "arn:aws:ec2:us-east-1:533267120422:subnet/subnet-088be34d490288ea4",
            "assign_ipv6_address_on_creation": false,
            "availability_zone": "us-east-1b",
            "availability_zone_id": "use1-az6",
            "cidr_block": "10.1.2.0/24",
            "customer_owned_ipv4_pool": "",
            "enable_dns64": false,
            "enable_lni_at_device_index": 0,
            "enable_resource_name_dns_a_record_on_launch": false,
            "enable_resource_name_dns_aaaa_record_on_launch": false,
            "id": "subnet-088be34d490288ea4",
            "ipv6_cidr_block": "",
            "ipv6_cidr_block_association_id": "",
            "ipv6_native": false,
            "map_customer_owned_ip_on_launch": false,
            "map_public_ip_on_launch": false,
            "outpost_arn": "",
            "owner_id": "533267120422",
            "private_dns_hostname_type_on_launch": "ip-name",
            "tags": {
              "Name": "Private"
            },
            "tags_all": {
              "Name": "Private"
            },
            "timeouts": null,
            "vpc_id": "vpc-09a7a1d4f346b6129"
          },
          "sensitive_attributes": [],
          "private": "eyJlMmJmYjczMC1lY2FhLTExZTYtOGY4OC0zNDM2M2JjN2M0YzAiOnsiY3JlYXRlIjo2MDAwMDAwMDAwMDAsImRlbGV0ZSI6MTIwMDAwMDAwMDAwMH0sInNjaGVtYV92ZXJzaW9uIjoiMSJ9",
          "dependencies": [
            "aws_vpc.myvpc"
          ]
        }
      ]
    },
    {
      "mode": "managed",
      "type": "aws_subnet",
      "name": "public",
      "provider": "provider[\"registry.terraform.io/hashicorp/aws\"]",
      "instances": [
        {
          "schema_version": 1,
          "attributes": {
            "arn": "arn:aws:ec2:us-east-1:533267120422:subnet/subnet-08ace166b9bbd360d",
            "assign_ipv6_address_on_creation": false,
            "availability_zone": "us-east-1b",
            "availability_zone_id": "use1-az6",
            "cidr_block": "10.1.1.0/24",
            "customer_owned_ipv4_pool": "",
            "enable_dns64": false,
            "enable_lni_at_device_index": 0,
            "enable_resource_name_dns_a_record_on_launch": false,
            "enable_resource_name_dns_aaaa_record_on_launch": false,
            "id": "subnet-08ace166b9bbd360d",
            "ipv6_cidr_block": "",
            "ipv6_cidr_block_association_id": "",
            "ipv6_native": false,
            "map_customer_owned_ip_on_launch": false,
            "map_public_ip_on_launch": false,
            "outpost_arn": "",
            "owner_id": "533267120422",
            "private_dns_hostname_type_on_launch": "ip-name",
            "tags": {
              "Name": "Public"
            },
            "tags_all": {
              "Name": "Public"
            },
            "timeouts": null,
            "vpc_id": "vpc-09a7a1d4f346b6129"
          },
          "sensitive_attributes": [],
          "private": "eyJlMmJmYjczMC1lY2FhLTExZTYtOGY4OC0zNDM2M2JjN2M0YzAiOnsiY3JlYXRlIjo2MDAwMDAwMDAwMDAsImRlbGV0ZSI6MTIwMDAwMDAwMDAwMH0sInNjaGVtYV92ZXJzaW9uIjoiMSJ9",
          "dependencies": [
            "aws_vpc.myvpc"
          ]
        }
      ]
    },
    {
      "mode": "managed",
      "type": "aws_vpc",
      "name": "myvpc",
      "provider": "provider[\"registry.terraform.io/hashicorp/aws\"]",
      "instances": [
        {
          "schema_version": 1,
          "attributes": {
            "arn": "arn:aws:ec2:us-east-1:533267120422:vpc/vpc-09a7a1d4f346b6129",
            "assign_generated_ipv6_cidr_block": false,
            "cidr_block": "10.1.0.0/16",
            "default_network_acl_id": "acl-031a32f2684cf318e",
            "default_route_table_id": "rtb-09a4b990b61af34f1",
            "default_security_group_id": "sg-022ef38f4ec6d1dec",
            "dhcp_options_id": "dopt-06504845e5a6391be",
            "enable_dns_hostnames": true,
            "enable_dns_support": true,
            "enable_network_address_usage_metrics": false,
            "id": "vpc-09a7a1d4f346b6129",
            "instance_tenancy": "default",
            "ipv4_ipam_pool_id": null,
            "ipv4_netmask_length": null,
            "ipv6_association_id": "",
            "ipv6_cidr_block": "",
            "ipv6_cidr_block_network_border_group": "",
            "ipv6_ipam_pool_id": "",
            "ipv6_netmask_length": 0,
            "main_route_table_id": "rtb-09a4b990b61af34f1",
            "owner_id": "533267120422",
            "tags": {
              "Name": "My_vpc"
            },
            "tags_all": {
              "Name": "My_vpc"
            }
          },
          "sensitive_attributes": [],
          "private": "eyJzY2hlbWFfdmVyc2lvbiI6IjEifQ=="
        }
      ]
    },
    {
      "mode": "managed",
      "type": "aws_vpc_endpoint",
      "name": "s3-endpoint",
      "provider": "provider[\"registry.terraform.io/hashicorp/aws\"]",
      "instances": [
        {
          "schema_version": 0,
          "attributes": {
            "arn": "arn:aws:ec2:us-east-1:533267120422:vpc-endpoint/vpce-03c687c153752a36c",
            "auto_accept": null,
            "cidr_blocks": [
              "16.15.176.0/20",
              "16.182.0.0/16",
              "18.34.0.0/19",
              "52.216.0.0/15",
              "54.231.0.0/16",
              "3.5.0.0/19",
              "18.34.232.0/21",
              "16.15.192.0/18"
            ],
            "dns_entry": [],
            "dns_options": [],
            "id": "vpce-03c687c153752a36c",
            "ip_address_type": "",
            "network_interface_ids": [],
            "owner_id": "533267120422",
            "policy": "{\"Statement\":[{\"Action\":\"*\",\"Effect\":\"Allow\",\"Principal\":\"*\",\"Resource\":\"*\"}],\"Version\":\"2008-10-17\"}",
            "prefix_list_id": "pl-63a5400a",
            "private_dns_enabled": false,
            "requester_managed": false,
            "route_table_ids": [
              "rtb-0a0f6527baed7cbd7"
            ],
            "security_group_ids": [],
            "service_name": "com.amazonaws.us-east-1.s3",
            "state": "available",
            "subnet_configuration": [],
            "subnet_ids": [],
            "tags": {
              "Name": "my-endpoint"
            },
            "tags_all": {
              "Name": "my-endpoint"
            },
            "timeouts": null,
            "vpc_endpoint_type": "Gateway",
            "vpc_id": "vpc-09a7a1d4f346b6129"
          },
          "sensitive_attributes": [],
          "private": "eyJlMmJmYjczMC1lY2FhLTExZTYtOGY4OC0zNDM2M2JjN2M0YzAiOnsiY3JlYXRlIjo2MDAwMDAwMDAwMDAsImRlbGV0ZSI6NjAwMDAwMDAwMDAwLCJ1cGRhdGUiOjYwMDAwMDAwMDAwMH19",
          "dependencies": [
            "aws_route_table.rt-private",
            "aws_vpc.myvpc"
          ]
        }
      ]
    },
    {
      "mode": "managed",
      "type": "aws_vpc_endpoint",
      "name": "s3-endpoint-interface",
      "provider": "provider[\"registry.terraform.io/hashicorp/aws\"]",
      "instances": [
        {
          "schema_version": 0,
          "attributes": {
            "arn": "arn:aws:ec2:us-east-1:533267120422:vpc-endpoint/vpce-035f6722ddace7e36",
            "auto_accept": null,
            "cidr_blocks": [
              "16.15.176.0/20",
              "16.182.0.0/16",
              "18.34.0.0/19",
              "52.216.0.0/15",
              "54.231.0.0/16",
              "3.5.0.0/19",
              "18.34.232.0/21",
              "16.15.192.0/18"
            ],
            "dns_entry": [
              {
                "dns_name": "*.vpce-035f6722ddace7e36-yie4lpg7.s3.us-east-1.vpce.amazonaws.com",
                "hosted_zone_id": "Z7HUB22UULQXV"
              },
              {
                "dns_name": "*.vpce-035f6722ddace7e36-yie4lpg7-us-east-1b.s3.us-east-1.vpce.amazonaws.com",
                "hosted_zone_id": "Z7HUB22UULQXV"
              },
              {
                "dns_name": "s3.us-east-1.amazonaws.com",
                "hosted_zone_id": "Z0200415LFAIJLB484ID"
              },
              {
                "dns_name": "*.s3.us-east-1.amazonaws.com",
                "hosted_zone_id": "Z0200415LFAIJLB484ID"
              },
              {
                "dns_name": "*.s3-accesspoint.us-east-1.amazonaws.com",
                "hosted_zone_id": "Z075915619LTNRTOZEFSO"
              },
              {
                "dns_name": "*.s3-control.us-east-1.amazonaws.com",
                "hosted_zone_id": "Z0782240N7FIH0VGSDSJ"
              }
            ],
            "dns_options": [
              {
                "dns_record_ip_type": "ipv4",
                "private_dns_only_for_inbound_resolver_endpoint": true
              }
            ],
            "id": "vpce-035f6722ddace7e36",
            "ip_address_type": "ipv4",
            "network_interface_ids": [
              "eni-02cfa9ac6da1dbaf6"
            ],
            "owner_id": "533267120422",
            "policy": "{\"Statement\":[{\"Action\":\"*\",\"Effect\":\"Allow\",\"Principal\":\"*\",\"Resource\":\"*\"}]}",
            "prefix_list_id": "pl-63a5400a",
            "private_dns_enabled": true,
            "requester_managed": false,
            "route_table_ids": [],
            "security_group_ids": [
              "sg-0832e93c79d7dd7f5"
            ],
            "service_name": "com.amazonaws.us-east-1.s3",
            "state": "available",
            "subnet_configuration": [
              {
                "ipv4": "10.1.2.215",
                "ipv6": "",
                "subnet_id": "subnet-088be34d490288ea4"
              }
            ],
            "subnet_ids": [
              "subnet-088be34d490288ea4"
            ],
            "tags": {
              "Name": "my-endpoint-interface"
            },
            "tags_all": {
              "Name": "my-endpoint-interface"
            },
            "timeouts": null,
            "vpc_endpoint_type": "Interface",
            "vpc_id": "vpc-09a7a1d4f346b6129"
          },
          "sensitive_attributes": [],
          "private": "eyJlMmJmYjczMC1lY2FhLTExZTYtOGY4OC0zNDM2M2JjN2M0YzAiOnsiY3JlYXRlIjo2MDAwMDAwMDAwMDAsImRlbGV0ZSI6NjAwMDAwMDAwMDAwLCJ1cGRhdGUiOjYwMDAwMDAwMDAwMH19",
          "dependencies": [
            "aws_security_group.my-sg",
            "aws_subnet.private",
            "aws_vpc.myvpc"
          ]
        }
      ]
    },
    {
      "mode": "managed",
      "type": "local_file",
      "name": "file_name",
      "provider": "provider[\"registry.terraform.io/hashicorp/local\"]",
      "instances": [
        {
          "schema_version": 0,
          "attributes": {
            "content": "-----BEGIN RSA PRIVATE KEY-----\nMIIJKAIBAAKCAgEAsi51nmxyVKYAxt7XOM0ek0gzI6EqDPBOuChnhDVkift2kFy6\nNXZ8eM9p7E48Q2fkDBY02vZ1VLj3eEMnu9v0AVJ8MZ6ZdpwmIcszT8bc10sag9ae\nq1k7GTIKqyz5HJVQweRlCWPTMJAy6pwl63fkg9C014Yi+WpAtQQ/quOnL1N8++wi\nt+0aaKvxCICg5cEsViAbmpYdkGuGuHp3JRQ022SfOrKvtUTKOL7CZbq8QZBkOfxx\nczU7p7Oyub77HirJnZ9G13AWQxgUellCp95DjLJJiapjmccfmRil0Romq30XBRDW\n5s8KJrU6uDSVFr/X+Fjl3kNpj9Fn/4X1G2DCwTVv3KhPfQRGaYnfZMMBxKNNGP4F\ngO2xHHCyn2t4ikytigaavKtCwduF7fCImp0sGMwtn1f5Qi8ZipVR9ztN4GHp/cA7\n/ME2Bmkj/hk6BoEWElbOftte8T+ZAh/mUVLUsRQqY+Esg8IrDbMhwXuAQqdqs5Mf\n1wBvV2JNhb/VDGFOAlQYBWIF/GOV7hOEFJxLLA+VHjpDbgczPvehtuuJd5LeMETt\nw0LtJIKxCKxFcJWwFc4fCei0MepAlDQwr4DzYIHMFCAt4iTpfwG1yFBdPMgiwmWj\nutVsb2eUdClB8Gjfabc8uOPbUsK6nGKeHOF9v9daPuVwIfTla2O2CC+NQnsCAwEA\nAQKCAgBcw+Nof31mpKZy40GZyPDKLSSywA1sfw/8wMxkAIg/bjPkJOKtQuq62wGC\njZjCXyxTPpx2AypC2am9avkczP7UUWVnT/MF1XXk0i38ssP3MpqzWOFyxBoInA0B\n4YAwaWyKBaa0pMwm1GwtyO3VEa5fEiGUs7kxsSfPFk8vYSaBdS302pOYvlCpfhsX\nGiCqfU/f5wd4C/+IWPLiyJ+PJl3+evyLSsw/y3ic4nPDEt1AJTSJG+zU1jogrWW3\nXr7Ojeg5r9rp/ukYNUk0CZSyYP06Gvg+O/9u6ESDKFnr63mGfrGlaYb404GtdV0E\n2htkpKyEF4RVmzMyNQu39L4Pauj5X70pfqsX9qkO7IUMSSBxljo+ilgDOyEqCgwN\n0JI3vCKAreNFJash19yXbBx/bv8+NAT1Vd/AqKNwR+6tj+R2cF6KQdB/aETEU0Wx\nt5BLsJ0rLozjBU8eE58rUtBge6oUMJEdwH0mHxLl4UQOJwV3LG2gs/gsyOzElNU6\nXdqW4vKPdo8gRpmEAhmm5xLBgtOMHBH8FofXCZP2RHetI9FcembO9qZM1yyKPsAe\nBP42FafadgUvxIT1b2cd1XRbvJniXA71mqOmJ5NDODy1RjRwa3K3HlKkt8UjC0d8\n/8bm3r0hzrQu/oIyGHweawATbGa2X9T3OdPfCC37QkklcLx/QQKCAQEA1mOJ171L\n/pp83rPo7XYcQloG7WomypvpXeYyvC17P5wx43v4Jemir6CL8KOkzE2b6XxdTShj\nz+R2qj40oNi9U+GjqwOWIzLs9REG+YZ+WTQZVkkb4B+M9l9l+cBmRKtUQgYh8YuP\nKdpjwl+IlURHp8jeGkpsv+W1Zl7BmW2nCiTi3UgGlrzf+SthlOA5r8ygG799FpS/\nvZJ74iny7K/zU1jGLnvqddttGs2DV3ytkWHJVyszDDjJOFMNqhyK/axx2RnImOEi\nzIY7zXmi5hyOsD40vlqhef8aECO71k/v7L+oL9Xx07s3x1nzP1R/5uQ8wKGxQCeH\nYgC8pbTyh4NgVwKCAQEA1MPdriSoshx8kCEnVbha1qBxSaPVZtD5Xeb0uSMFVvCY\na1vZSC6g+s7/2yFv7/ieeWM3ow6kznXGs+xnUYOOGbMorlHIFu2TmdBNRy5+2Ge8\nh9A5XmPrrao4y5rhD6SXgQKY1oRlDBe5dI4/DwXpspYH4TU08WpCWtDwyMpHaEGn\nh2O4w4d0rtxJJJeqgMY5AMD67jtk3kiWuSrNsW5AoizPPwqFNRRYyL+2CCmd1VKt\n9Wyu33KhgSeWxXxGPSClJUuVGvK00STv7N4bq12AapTiCeQOiOkzXXvSf+8CyJBb\nGaI306xBb9YigwlHpukzzwchjW5aI2Ri/ZiV+O+IfQKCAQEApXa7i4OxJHbtiyCF\n1MhEtT0wfYphGBzPN0aUv8HGjuipZG5orjIs+qnJd9eFOJ1piQIQLJ3Qs0IcB/bs\nvXuqXBQZMsMY3F/QnLAglvMjjwtzxrG0Tv1q2Tf1x5WkGLm21SJQjlFtFBtWxUzg\naHwDZc7VBKuOVWkf4Tue5iDIPD8NzUVquGpb3r6JmNKaE0G2DNR04bm6ZsCo1nwT\n3nNKNHietH+1DHNnOLmG9j3m4/7520ofIv6s5sjLEhDngTPXxnxs4vlX10x+2W5Y\nuIsv4XyRTp06ZaLq5av+rECT50BguVLBSu4C9dxJrgY0lOpwrSfeWqpnhc8Vyjrm\nuIpADwKCAQA/kcnhJwjUNpitA4raHLvfVo6invW6w4NOIBxMWH9W64nOweGYpH3q\nkgB1+3aTb2gCArfz2wM4wI2+4ko4W6MQYKwt8TdkSlWIZmlAdE7n346/0WHipt4a\nxDo18y99WgL+Q8VgiqwaQdhiT8HdfjnF5vexvRD1dHcg5T6b73wIVV11oUDqAsXF\nHQIpkbsawJ71b7NJjKtlkrCd4IEWm0dqbRL61ezY4Bxq1oTPyYdj3lEle/R/xKMm\nkKqGlMvzpZZSH1QMeim2N2AMGIyR1dzxe0xSAjaph2uWadGJ8eKWBDOD5Cjj8JqY\njJVBK3uiDhkxqQLIXAlIe8zr0jQ07XSNAoIBABuDIi4R3mRtsQ238RpCNJBbRJ9U\nN+jNU1FmQOepTB114Mihmke/QIanrBPOEfqdHdZun/B0q4k+1byW9SmjWAzU9Pz+\nk1EzYfPO7qZ0brgZNRGZPWuYI+3EGOwOU3o+IpePdk5IJVt2n82tyjdeLa3PRDS3\ned8OXPUKCAAhOCtapwaQlPOYQJ6w8Di+q3WCSLJvGyrba8Q1GCyDkOdGmw+IU5xR\nxJG2muBsFkJUd3IUukE0up+59P4NqEaa04b4xUilbXtFlYJYYpKL2OA4M0vEOxTk\n/UFYRLamqWh/7vPpdNIW7M9a4RxzJkC6GuOMuXA5p3etIJLYsImBxZfYl4o=\n-----END RSA PRIVATE KEY-----\n",
            "content_base64": null,
            "content_base64sha256": "INWuZLWsfcGYwjXXXxxCVTtdZIYP7OAEn1qzk+QXSck=",
            "content_base64sha512": "mJKMV09VHVD7nfr34ELtxVfG1V7ZPmcrg/i4gOqahBD5QLYXGwwdy5xy9wlwZtZ13BYJrU3WJk/2npuHbMI3Ew==",
            "content_md5": "240f804c15363c86afc531f4a0c59cb1",
            "content_sha1": "0cc8c1a9b7ca8762862e2a1d0db3119881d04890",
            "content_sha256": "20d5ae64b5ac7dc198c235d75f1c42553b5d64860fece0049f5ab393e41749c9",
            "content_sha512": "98928c574f551d50fb9dfaf7e042edc557c6d55ed93e672b83f8b880ea9a8410f940b6171b0c1dcb9c72f7097066d675dc1609ad4dd6264ff69e9b876cc23713",
            "directory_permission": "0777",
            "file_permission": "0777",
            "filename": "myfilename",
            "id": "0cc8c1a9b7ca8762862e2a1d0db3119881d04890",
            "sensitive_content": null,
            "source": null
          },
          "sensitive_attributes": [
            [
              {
                "type": "get_attr",
                "value": "content"
              }
            ]
          ],
          "dependencies": [
            "tls_private_key.private-key"
          ]
        }
      ]
    },
    {
      "mode": "managed",
      "type": "tls_private_key",
      "name": "private-key",
      "provider": "provider[\"registry.terraform.io/hashicorp/tls\"]",
      "instances": [
        {
          "schema_version": 1,
          "attributes": {
            "algorithm": "RSA",
            "ecdsa_curve": "P224",
            "id": "3f81af3bce783a5e6f881dde6a60a0c54b304580",
            "private_key_openssh": "-----BEGIN OPENSSH PRIVATE KEY-----\nb3BlbnNzaC1rZXktdjEAAAAABG5vbmUAAAAEbm9uZQAAAAAAAAABAAACFwAAAAdz\nc2gtcnNhAAAAAwEAAQAAAgEAsi51nmxyVKYAxt7XOM0ek0gzI6EqDPBOuChnhDVk\nift2kFy6NXZ8eM9p7E48Q2fkDBY02vZ1VLj3eEMnu9v0AVJ8MZ6ZdpwmIcszT8bc\n10sag9aeq1k7GTIKqyz5HJVQweRlCWPTMJAy6pwl63fkg9C014Yi+WpAtQQ/quOn\nL1N8++wit+0aaKvxCICg5cEsViAbmpYdkGuGuHp3JRQ022SfOrKvtUTKOL7CZbq8\nQZBkOfxxczU7p7Oyub77HirJnZ9G13AWQxgUellCp95DjLJJiapjmccfmRil0Rom\nq30XBRDW5s8KJrU6uDSVFr/X+Fjl3kNpj9Fn/4X1G2DCwTVv3KhPfQRGaYnfZMMB\nxKNNGP4FgO2xHHCyn2t4ikytigaavKtCwduF7fCImp0sGMwtn1f5Qi8ZipVR9ztN\n4GHp/cA7/ME2Bmkj/hk6BoEWElbOftte8T+ZAh/mUVLUsRQqY+Esg8IrDbMhwXuA\nQqdqs5Mf1wBvV2JNhb/VDGFOAlQYBWIF/GOV7hOEFJxLLA+VHjpDbgczPvehtuuJ\nd5LeMETtw0LtJIKxCKxFcJWwFc4fCei0MepAlDQwr4DzYIHMFCAt4iTpfwG1yFBd\nPMgiwmWjutVsb2eUdClB8Gjfabc8uOPbUsK6nGKeHOF9v9daPuVwIfTla2O2CC+N\nQnsAAAc4bEv44mxL+OIAAAAHc3NoLXJzYQAAAgEAsi51nmxyVKYAxt7XOM0ek0gz\nI6EqDPBOuChnhDVkift2kFy6NXZ8eM9p7E48Q2fkDBY02vZ1VLj3eEMnu9v0AVJ8\nMZ6ZdpwmIcszT8bc10sag9aeq1k7GTIKqyz5HJVQweRlCWPTMJAy6pwl63fkg9C0\n14Yi+WpAtQQ/quOnL1N8++wit+0aaKvxCICg5cEsViAbmpYdkGuGuHp3JRQ022Sf\nOrKvtUTKOL7CZbq8QZBkOfxxczU7p7Oyub77HirJnZ9G13AWQxgUellCp95DjLJJ\niapjmccfmRil0Romq30XBRDW5s8KJrU6uDSVFr/X+Fjl3kNpj9Fn/4X1G2DCwTVv\n3KhPfQRGaYnfZMMBxKNNGP4FgO2xHHCyn2t4ikytigaavKtCwduF7fCImp0sGMwt\nn1f5Qi8ZipVR9ztN4GHp/cA7/ME2Bmkj/hk6BoEWElbOftte8T+ZAh/mUVLUsRQq\nY+Esg8IrDbMhwXuAQqdqs5Mf1wBvV2JNhb/VDGFOAlQYBWIF/GOV7hOEFJxLLA+V\nHjpDbgczPvehtuuJd5LeMETtw0LtJIKxCKxFcJWwFc4fCei0MepAlDQwr4DzYIHM\nFCAt4iTpfwG1yFBdPMgiwmWjutVsb2eUdClB8Gjfabc8uOPbUsK6nGKeHOF9v9da\nPuVwIfTla2O2CC+NQnsAAAADAQABAAACAFzD42h/fWakpnLjQZnI8MotJLLADWx/\nD/zAzGQAiD9uM+Qk4q1C6rrbAYKNmMJfLFM+nHYDKkLZqb1q+RzM/tRRZWdP8wXV\ndeTSLfyyw/cymrNY4XLEGgicDQHhgDBpbIoFprSkzCbUbC3I7dURrl8SIZSzuTGx\nJ88WTy9hJoF1LfTak5i+UKl+GxcaIKp9T9/nB3gL/4hY8uLIn48mXf56/ItKzD/L\neJzic8MS3UAlNIkb7NTWOiCtZbdevs6N6Dmv2un+6Rg1STQJlLJg/Toa+D47/27o\nRIMoWevreYZ+saVphvjTga11XQTaG2SkrIQXhFWbMzI1C7f0vg9q6PlfvSl+qxf2\nqQ7shQxJIHGWOj6KWAM7ISoKDA3Qkje8IoCt40UlqyHX3JdsHH9u/z40BPVV38Co\no3BH7q2P5HZwXopB0H9oRMRTRbG3kEuwnSsujOMFTx4TnytS0GB7qhQwkR3AfSYf\nEuXhRA4nBXcsbaCz+CzI7MSU1Tpd2pbi8o92jyBGmYQCGabnEsGC04wcEfwWh9cJ\nk/ZEd60j0Vx6Zs72pkzXLIo+wB4E/jYVp9p2BS/EhPVvZx3VdFu8meJcDvWao6Yn\nk0M4PLVGNHBrcrceUqS3xSMLR3z/xubevSHOtC7+gjIYfB5rABNsZrZf1Pc5098I\nLftCSSVwvH9BAAABABuDIi4R3mRtsQ238RpCNJBbRJ9UN+jNU1FmQOepTB114Mih\nmke/QIanrBPOEfqdHdZun/B0q4k+1byW9SmjWAzU9Pz+k1EzYfPO7qZ0brgZNRGZ\nPWuYI+3EGOwOU3o+IpePdk5IJVt2n82tyjdeLa3PRDS3ed8OXPUKCAAhOCtapwaQ\nlPOYQJ6w8Di+q3WCSLJvGyrba8Q1GCyDkOdGmw+IU5xRxJG2muBsFkJUd3IUukE0\nup+59P4NqEaa04b4xUilbXtFlYJYYpKL2OA4M0vEOxTk/UFYRLamqWh/7vPpdNIW\n7M9a4RxzJkC6GuOMuXA5p3etIJLYsImBxZfYl4oAAAEBANZjide9S/6afN6z6O12\nHEJaBu1qJsqb6V3mMrwtez+cMeN7+CXpoq+gi/CjpMxNm+l8XU0oY8/kdqo+NKDY\nvVPho6sDliMy7PURBvmGflk0GVZJG+AfjPZfZfnAZkSrVEIGIfGLjynaY8JfiJVE\nR6fI3hpKbL/ltWZewZltpwok4t1IBpa83/krYZTgOa/MoBu/fRaUv72Se+Ip8uyv\n81NYxi576nXbbRrNg1d8rZFhyVcrMww4yThTDaociv2scdkZyJjhIsyGO815ouYc\njrA+NL5aoXn/GhAju9ZP7+y/qC/V8dO7N8dZ8z9Uf+bkPMChsUAnh2IAvKW08oeD\nYFcAAAEBANTD3a4kqLIcfJAhJ1W4WtagcUmj1WbQ+V3m9LkjBVbwmGtb2UguoPrO\n/9shb+/4nnljN6MOpM51xrPsZ1GDjhmzKK5RyBbtk5nQTUcufthnvIfQOV5j662q\nOMua4Q+kl4ECmNaEZQwXuXSOPw8F6bKWB+E1NPFqQlrQ8MjKR2hBp4djuMOHdK7c\nSSSXqoDGOQDA+u47ZN5IlrkqzbFuQKIszz8KhTUUWMi/tggpndVSrfVsrt9yoYEn\nlsV8Rj0gpSVLlRrytNEk7+zeG6tdgGqU4gnkDojpM1170n/vAsiQWxmiN9OsQW/W\nIoMJR6bpM88HIY1uWiNkYv2YlfjviH0AAAAAAQID\n-----END OPENSSH PRIVATE KEY-----\n",
            "private_key_pem": "-----BEGIN RSA PRIVATE KEY-----\nMIIJKAIBAAKCAgEAsi51nmxyVKYAxt7XOM0ek0gzI6EqDPBOuChnhDVkift2kFy6\nNXZ8eM9p7E48Q2fkDBY02vZ1VLj3eEMnu9v0AVJ8MZ6ZdpwmIcszT8bc10sag9ae\nq1k7GTIKqyz5HJVQweRlCWPTMJAy6pwl63fkg9C014Yi+WpAtQQ/quOnL1N8++wi\nt+0aaKvxCICg5cEsViAbmpYdkGuGuHp3JRQ022SfOrKvtUTKOL7CZbq8QZBkOfxx\nczU7p7Oyub77HirJnZ9G13AWQxgUellCp95DjLJJiapjmccfmRil0Romq30XBRDW\n5s8KJrU6uDSVFr/X+Fjl3kNpj9Fn/4X1G2DCwTVv3KhPfQRGaYnfZMMBxKNNGP4F\ngO2xHHCyn2t4ikytigaavKtCwduF7fCImp0sGMwtn1f5Qi8ZipVR9ztN4GHp/cA7\n/ME2Bmkj/hk6BoEWElbOftte8T+ZAh/mUVLUsRQqY+Esg8IrDbMhwXuAQqdqs5Mf\n1wBvV2JNhb/VDGFOAlQYBWIF/GOV7hOEFJxLLA+VHjpDbgczPvehtuuJd5LeMETt\nw0LtJIKxCKxFcJWwFc4fCei0MepAlDQwr4DzYIHMFCAt4iTpfwG1yFBdPMgiwmWj\nutVsb2eUdClB8Gjfabc8uOPbUsK6nGKeHOF9v9daPuVwIfTla2O2CC+NQnsCAwEA\nAQKCAgBcw+Nof31mpKZy40GZyPDKLSSywA1sfw/8wMxkAIg/bjPkJOKtQuq62wGC\njZjCXyxTPpx2AypC2am9avkczP7UUWVnT/MF1XXk0i38ssP3MpqzWOFyxBoInA0B\n4YAwaWyKBaa0pMwm1GwtyO3VEa5fEiGUs7kxsSfPFk8vYSaBdS302pOYvlCpfhsX\nGiCqfU/f5wd4C/+IWPLiyJ+PJl3+evyLSsw/y3ic4nPDEt1AJTSJG+zU1jogrWW3\nXr7Ojeg5r9rp/ukYNUk0CZSyYP06Gvg+O/9u6ESDKFnr63mGfrGlaYb404GtdV0E\n2htkpKyEF4RVmzMyNQu39L4Pauj5X70pfqsX9qkO7IUMSSBxljo+ilgDOyEqCgwN\n0JI3vCKAreNFJash19yXbBx/bv8+NAT1Vd/AqKNwR+6tj+R2cF6KQdB/aETEU0Wx\nt5BLsJ0rLozjBU8eE58rUtBge6oUMJEdwH0mHxLl4UQOJwV3LG2gs/gsyOzElNU6\nXdqW4vKPdo8gRpmEAhmm5xLBgtOMHBH8FofXCZP2RHetI9FcembO9qZM1yyKPsAe\nBP42FafadgUvxIT1b2cd1XRbvJniXA71mqOmJ5NDODy1RjRwa3K3HlKkt8UjC0d8\n/8bm3r0hzrQu/oIyGHweawATbGa2X9T3OdPfCC37QkklcLx/QQKCAQEA1mOJ171L\n/pp83rPo7XYcQloG7WomypvpXeYyvC17P5wx43v4Jemir6CL8KOkzE2b6XxdTShj\nz+R2qj40oNi9U+GjqwOWIzLs9REG+YZ+WTQZVkkb4B+M9l9l+cBmRKtUQgYh8YuP\nKdpjwl+IlURHp8jeGkpsv+W1Zl7BmW2nCiTi3UgGlrzf+SthlOA5r8ygG799FpS/\nvZJ74iny7K/zU1jGLnvqddttGs2DV3ytkWHJVyszDDjJOFMNqhyK/axx2RnImOEi\nzIY7zXmi5hyOsD40vlqhef8aECO71k/v7L+oL9Xx07s3x1nzP1R/5uQ8wKGxQCeH\nYgC8pbTyh4NgVwKCAQEA1MPdriSoshx8kCEnVbha1qBxSaPVZtD5Xeb0uSMFVvCY\na1vZSC6g+s7/2yFv7/ieeWM3ow6kznXGs+xnUYOOGbMorlHIFu2TmdBNRy5+2Ge8\nh9A5XmPrrao4y5rhD6SXgQKY1oRlDBe5dI4/DwXpspYH4TU08WpCWtDwyMpHaEGn\nh2O4w4d0rtxJJJeqgMY5AMD67jtk3kiWuSrNsW5AoizPPwqFNRRYyL+2CCmd1VKt\n9Wyu33KhgSeWxXxGPSClJUuVGvK00STv7N4bq12AapTiCeQOiOkzXXvSf+8CyJBb\nGaI306xBb9YigwlHpukzzwchjW5aI2Ri/ZiV+O+IfQKCAQEApXa7i4OxJHbtiyCF\n1MhEtT0wfYphGBzPN0aUv8HGjuipZG5orjIs+qnJd9eFOJ1piQIQLJ3Qs0IcB/bs\nvXuqXBQZMsMY3F/QnLAglvMjjwtzxrG0Tv1q2Tf1x5WkGLm21SJQjlFtFBtWxUzg\naHwDZc7VBKuOVWkf4Tue5iDIPD8NzUVquGpb3r6JmNKaE0G2DNR04bm6ZsCo1nwT\n3nNKNHietH+1DHNnOLmG9j3m4/7520ofIv6s5sjLEhDngTPXxnxs4vlX10x+2W5Y\nuIsv4XyRTp06ZaLq5av+rECT50BguVLBSu4C9dxJrgY0lOpwrSfeWqpnhc8Vyjrm\nuIpADwKCAQA/kcnhJwjUNpitA4raHLvfVo6invW6w4NOIBxMWH9W64nOweGYpH3q\nkgB1+3aTb2gCArfz2wM4wI2+4ko4W6MQYKwt8TdkSlWIZmlAdE7n346/0WHipt4a\nxDo18y99WgL+Q8VgiqwaQdhiT8HdfjnF5vexvRD1dHcg5T6b73wIVV11oUDqAsXF\nHQIpkbsawJ71b7NJjKtlkrCd4IEWm0dqbRL61ezY4Bxq1oTPyYdj3lEle/R/xKMm\nkKqGlMvzpZZSH1QMeim2N2AMGIyR1dzxe0xSAjaph2uWadGJ8eKWBDOD5Cjj8JqY\njJVBK3uiDhkxqQLIXAlIe8zr0jQ07XSNAoIBABuDIi4R3mRtsQ238RpCNJBbRJ9U\nN+jNU1FmQOepTB114Mihmke/QIanrBPOEfqdHdZun/B0q4k+1byW9SmjWAzU9Pz+\nk1EzYfPO7qZ0brgZNRGZPWuYI+3EGOwOU3o+IpePdk5IJVt2n82tyjdeLa3PRDS3\ned8OXPUKCAAhOCtapwaQlPOYQJ6w8Di+q3WCSLJvGyrba8Q1GCyDkOdGmw+IU5xR\nxJG2muBsFkJUd3IUukE0up+59P4NqEaa04b4xUilbXtFlYJYYpKL2OA4M0vEOxTk\n/UFYRLamqWh/7vPpdNIW7M9a4RxzJkC6GuOMuXA5p3etIJLYsImBxZfYl4o=\n-----END RSA PRIVATE KEY-----\n",
            "private_key_pem_pkcs8": "-----BEGIN PRIVATE KEY-----\nMIIJQgIBADANBgkqhkiG9w0BAQEFAASCCSwwggkoAgEAAoICAQCyLnWebHJUpgDG\n3tc4zR6TSDMjoSoM8E64KGeENWSJ+3aQXLo1dnx4z2nsTjxDZ+QMFjTa9nVUuPd4\nQye72/QBUnwxnpl2nCYhyzNPxtzXSxqD1p6rWTsZMgqrLPkclVDB5GUJY9MwkDLq\nnCXrd+SD0LTXhiL5akC1BD+q46cvU3z77CK37Rpoq/EIgKDlwSxWIBualh2Qa4a4\nenclFDTbZJ86sq+1RMo4vsJlurxBkGQ5/HFzNTuns7K5vvseKsmdn0bXcBZDGBR6\nWUKn3kOMskmJqmOZxx+ZGKXRGiarfRcFENbmzwomtTq4NJUWv9f4WOXeQ2mP0Wf/\nhfUbYMLBNW/cqE99BEZpid9kwwHEo00Y/gWA7bEccLKfa3iKTK2KBpq8q0LB24Xt\n8IianSwYzC2fV/lCLxmKlVH3O03gYen9wDv8wTYGaSP+GToGgRYSVs5+217xP5kC\nH+ZRUtSxFCpj4SyDwisNsyHBe4BCp2qzkx/XAG9XYk2Fv9UMYU4CVBgFYgX8Y5Xu\nE4QUnEssD5UeOkNuBzM+96G264l3kt4wRO3DQu0kgrEIrEVwlbAVzh8J6LQx6kCU\nNDCvgPNggcwUIC3iJOl/AbXIUF08yCLCZaO61WxvZ5R0KUHwaN9ptzy449tSwrqc\nYp4c4X2/11o+5XAh9OVrY7YIL41CewIDAQABAoICAFzD42h/fWakpnLjQZnI8Mot\nJLLADWx/D/zAzGQAiD9uM+Qk4q1C6rrbAYKNmMJfLFM+nHYDKkLZqb1q+RzM/tRR\nZWdP8wXVdeTSLfyyw/cymrNY4XLEGgicDQHhgDBpbIoFprSkzCbUbC3I7dURrl8S\nIZSzuTGxJ88WTy9hJoF1LfTak5i+UKl+GxcaIKp9T9/nB3gL/4hY8uLIn48mXf56\n/ItKzD/LeJzic8MS3UAlNIkb7NTWOiCtZbdevs6N6Dmv2un+6Rg1STQJlLJg/Toa\n+D47/27oRIMoWevreYZ+saVphvjTga11XQTaG2SkrIQXhFWbMzI1C7f0vg9q6Plf\nvSl+qxf2qQ7shQxJIHGWOj6KWAM7ISoKDA3Qkje8IoCt40UlqyHX3JdsHH9u/z40\nBPVV38Coo3BH7q2P5HZwXopB0H9oRMRTRbG3kEuwnSsujOMFTx4TnytS0GB7qhQw\nkR3AfSYfEuXhRA4nBXcsbaCz+CzI7MSU1Tpd2pbi8o92jyBGmYQCGabnEsGC04wc\nEfwWh9cJk/ZEd60j0Vx6Zs72pkzXLIo+wB4E/jYVp9p2BS/EhPVvZx3VdFu8meJc\nDvWao6Ynk0M4PLVGNHBrcrceUqS3xSMLR3z/xubevSHOtC7+gjIYfB5rABNsZrZf\n1Pc5098ILftCSSVwvH9BAoIBAQDWY4nXvUv+mnzes+jtdhxCWgbtaibKm+ld5jK8\nLXs/nDHje/gl6aKvoIvwo6TMTZvpfF1NKGPP5HaqPjSg2L1T4aOrA5YjMuz1EQb5\nhn5ZNBlWSRvgH4z2X2X5wGZEq1RCBiHxi48p2mPCX4iVREenyN4aSmy/5bVmXsGZ\nbacKJOLdSAaWvN/5K2GU4DmvzKAbv30WlL+9knviKfLsr/NTWMYue+p1220azYNX\nfK2RYclXKzMMOMk4Uw2qHIr9rHHZGciY4SLMhjvNeaLmHI6wPjS+WqF5/xoQI7vW\nT+/sv6gv1fHTuzfHWfM/VH/m5DzAobFAJ4diALyltPKHg2BXAoIBAQDUw92uJKiy\nHHyQISdVuFrWoHFJo9Vm0Pld5vS5IwVW8JhrW9lILqD6zv/bIW/v+J55YzejDqTO\ndcaz7GdRg44ZsyiuUcgW7ZOZ0E1HLn7YZ7yH0DleY+utqjjLmuEPpJeBApjWhGUM\nF7l0jj8PBemylgfhNTTxakJa0PDIykdoQaeHY7jDh3Su3Ekkl6qAxjkAwPruO2Te\nSJa5Ks2xbkCiLM8/CoU1FFjIv7YIKZ3VUq31bK7fcqGBJ5bFfEY9IKUlS5Ua8rTR\nJO/s3hurXYBqlOIJ5A6I6TNde9J/7wLIkFsZojfTrEFv1iKDCUem6TPPByGNbloj\nZGL9mJX474h9AoIBAQCldruLg7Ekdu2LIIXUyES1PTB9imEYHM83RpS/wcaO6Klk\nbmiuMiz6qcl314U4nWmJAhAsndCzQhwH9uy9e6pcFBkywxjcX9CcsCCW8yOPC3PG\nsbRO/WrZN/XHlaQYubbVIlCOUW0UG1bFTOBofANlztUEq45VaR/hO57mIMg8Pw3N\nRWq4alvevomY0poTQbYM1HThubpmwKjWfBPec0o0eJ60f7UMc2c4uYb2Pebj/vnb\nSh8i/qzmyMsSEOeBM9fGfGzi+VfXTH7Zbli4iy/hfJFOnTplourlq/6sQJPnQGC5\nUsFK7gL13EmuBjSU6nCtJ95aqmeFzxXKOua4ikAPAoIBAD+RyeEnCNQ2mK0Ditoc\nu99WjqKe9brDg04gHExYf1bric7B4ZikfeqSAHX7dpNvaAICt/PbAzjAjb7iSjhb\noxBgrC3xN2RKVYhmaUB0Tuffjr/RYeKm3hrEOjXzL31aAv5DxWCKrBpB2GJPwd1+\nOcXm97G9EPV0dyDlPpvvfAhVXXWhQOoCxcUdAimRuxrAnvVvs0mMq2WSsJ3ggRab\nR2ptEvrV7NjgHGrWhM/Jh2PeUSV79H/EoyaQqoaUy/OlllIfVAx6KbY3YAwYjJHV\n3PF7TFICNqmHa5Zp0Ynx4pYEM4PkKOPwmpiMlUEre6IOGTGpAshcCUh7zOvSNDTt\ndI0CggEAG4MiLhHeZG2xDbfxGkI0kFtEn1Q36M1TUWZA56lMHXXgyKGaR79Ahqes\nE84R+p0d1m6f8HSriT7VvJb1KaNYDNT0/P6TUTNh887upnRuuBk1EZk9a5gj7cQY\n7A5Tej4il492TkglW3afza3KN14trc9ENLd53w5c9QoIACE4K1qnBpCU85hAnrDw\nOL6rdYJIsm8bKttrxDUYLIOQ50abD4hTnFHEkbaa4GwWQlR3chS6QTS6n7n0/g2o\nRprThvjFSKVte0WVglhikovY4DgzS8Q7FOT9QVhEtqapaH/u8+l00hbsz1rhHHMm\nQLoa44y5cDmnd60gktiwiYHFl9iXig==\n-----END PRIVATE KEY-----\n",
            "public_key_fingerprint_md5": "72:67:ec:f2:ac:54:85:e8:27:69:f4:96:4e:2e:ff:f0",
            "public_key_fingerprint_sha256": "SHA256:/bCN/m8/OeNliALq7Wh6xa2+A963Pu1bNqL6lqIPikE",
            "public_key_openssh": "ssh-rsa AAAAB3NzaC1yc2EAAAADAQABAAACAQCyLnWebHJUpgDG3tc4zR6TSDMjoSoM8E64KGeENWSJ+3aQXLo1dnx4z2nsTjxDZ+QMFjTa9nVUuPd4Qye72/QBUnwxnpl2nCYhyzNPxtzXSxqD1p6rWTsZMgqrLPkclVDB5GUJY9MwkDLqnCXrd+SD0LTXhiL5akC1BD+q46cvU3z77CK37Rpoq/EIgKDlwSxWIBualh2Qa4a4enclFDTbZJ86sq+1RMo4vsJlurxBkGQ5/HFzNTuns7K5vvseKsmdn0bXcBZDGBR6WUKn3kOMskmJqmOZxx+ZGKXRGiarfRcFENbmzwomtTq4NJUWv9f4WOXeQ2mP0Wf/hfUbYMLBNW/cqE99BEZpid9kwwHEo00Y/gWA7bEccLKfa3iKTK2KBpq8q0LB24Xt8IianSwYzC2fV/lCLxmKlVH3O03gYen9wDv8wTYGaSP+GToGgRYSVs5+217xP5kCH+ZRUtSxFCpj4SyDwisNsyHBe4BCp2qzkx/XAG9XYk2Fv9UMYU4CVBgFYgX8Y5XuE4QUnEssD5UeOkNuBzM+96G264l3kt4wRO3DQu0kgrEIrEVwlbAVzh8J6LQx6kCUNDCvgPNggcwUIC3iJOl/AbXIUF08yCLCZaO61WxvZ5R0KUHwaN9ptzy449tSwrqcYp4c4X2/11o+5XAh9OVrY7YIL41Cew==\n",
            "public_key_pem": "-----BEGIN PUBLIC KEY-----\nMIICIjANBgkqhkiG9w0BAQEFAAOCAg8AMIICCgKCAgEAsi51nmxyVKYAxt7XOM0e\nk0gzI6EqDPBOuChnhDVkift2kFy6NXZ8eM9p7E48Q2fkDBY02vZ1VLj3eEMnu9v0\nAVJ8MZ6ZdpwmIcszT8bc10sag9aeq1k7GTIKqyz5HJVQweRlCWPTMJAy6pwl63fk\ng9C014Yi+WpAtQQ/quOnL1N8++wit+0aaKvxCICg5cEsViAbmpYdkGuGuHp3JRQ0\n22SfOrKvtUTKOL7CZbq8QZBkOfxxczU7p7Oyub77HirJnZ9G13AWQxgUellCp95D\njLJJiapjmccfmRil0Romq30XBRDW5s8KJrU6uDSVFr/X+Fjl3kNpj9Fn/4X1G2DC\nwTVv3KhPfQRGaYnfZMMBxKNNGP4FgO2xHHCyn2t4ikytigaavKtCwduF7fCImp0s\nGMwtn1f5Qi8ZipVR9ztN4GHp/cA7/ME2Bmkj/hk6BoEWElbOftte8T+ZAh/mUVLU\nsRQqY+Esg8IrDbMhwXuAQqdqs5Mf1wBvV2JNhb/VDGFOAlQYBWIF/GOV7hOEFJxL\nLA+VHjpDbgczPvehtuuJd5LeMETtw0LtJIKxCKxFcJWwFc4fCei0MepAlDQwr4Dz\nYIHMFCAt4iTpfwG1yFBdPMgiwmWjutVsb2eUdClB8Gjfabc8uOPbUsK6nGKeHOF9\nv9daPuVwIfTla2O2CC+NQnsCAwEAAQ==\n-----END PUBLIC KEY-----\n",
            "rsa_bits": 4096
          },
          "sensitive_attributes": []
        }
      ]
    }
  ],
  "check_results": null
}
